
Microsoft Visual Studio Solution File, Format Version 12.00
# Visual Studio 15
VisualStudioVersion = 15.0.27703.2042
MinimumVisualStudioVersion = 10.0.40219.1
Project("{FAE04EC0-301F-11D3-BF4B-00C04F79EFBC}") = "TradingWebAPI", "TradingWebAPI\TradingWebAPI.csproj", "{7A663B1A-8658-4456-AC95-6A7AA4995646}"
EndProject
Project("{FAE04EC0-301F-11D3-BF4B-00C04F79EFBC}") = "TradingWebAPI.Test", "TradingWebAPI.Test\TradingWebAPI.Test.csproj", "{3C6A4C68-9F5D-4FFE-BFB0-9870FF220EFE}"
EndProject
Global
	GlobalSection(SolutionConfigurationPlatforms) = preSolution
		Debug|Any CPU = Debug|Any CPU
		Release|Any CPU = Release|Any CPU
	EndGlobalSection
	GlobalSection(ProjectConfigurationPlatforms) = postSolution
		{7A663B1A-8658-4456-AC95-6A7AA4995646}.Debug|Any CPU.ActiveCfg = Debug|Any CPU
		{7A663B1A-8658-4456-AC95-6A7AA4995646}.Debug|Any CPU.Build.0 = Debug|Any CPU
		{7A663B1A-8658-4456-AC95-6A7AA4995646}.Release|Any CPU.ActiveCfg = Release|Any CPU
		{7A663B1A-8658-4456-AC95-6A7AA4995646}.Release|Any CPU.Build.0 = Release|Any CPU
		{3C6A4C68-9F5D-4FFE-BFB0-9870FF220EFE}.Debug|Any CPU.ActiveCfg = Debug|Any CPU
		{3C6A4C68-9F5D-4FFE-BFB0-9870FF220EFE}.Debug|Any CPU.Build.0 = Debug|Any CPU
		{3C6A4C68-9F5D-4FFE-BFB0-9870FF220EFE}.Release|Any CPU.ActiveCfg = Release|Any CPU
		{3C6A4C68-9F5D-4FFE-BFB0-9870FF220EFE}.Release|Any CPU.Build.0 = Release|Any CPU
	EndGlobalSection
	GlobalSection(SolutionProperties) = preSolution
		HideSolutionNode = FALSE
	EndGlobalSection
	GlobalSection(ExtensibilityGlobals) = postSolution
		SolutionGuid = {33EB8333-FA42-47D3-9197-C7BF1B6C3F11}
	EndGlobalSection
EndGlobal
